
Microsoft Visual Studio Solution File, Format Version 12.00
# Visual Studio 15
Project("{FAE04EC0-301F-11D3-BF4B-00C04F79EFBC}") = "Influence Map.Plugins", "Influence Map.Plugins.csproj", "{3BD006D6-93F4-7541-030E-0A945364EF64}"
EndProject
Project("{FAE04EC0-301F-11D3-BF4B-00C04F79EFBC}") = "Influence Map", "Influence Map.csproj", "{A231206C-2C85-4299-EAC5-72990989D9D4}"
EndProject
Project("{FAE04EC0-301F-11D3-BF4B-00C04F79EFBC}") = "Influence Map.Editor.Plugins", "Influence Map.Editor.Plugins.csproj", "{C8ECBC8E-3FB7-1704-EF52-FF7B954F2EF0}"
EndProject
Global
	GlobalSection(SolutionConfigurationPlatforms) = preSolution
		Debug|Any CPU = Debug|Any CPU
		Release|Any CPU = Release|Any CPU
	EndGlobalSection
	GlobalSection(ProjectConfigurationPlatforms) = postSolution
		{3BD006D6-93F4-7541-030E-0A945364EF64}.Debug|Any CPU.ActiveCfg = Debug|Any CPU
		{3BD006D6-93F4-7541-030E-0A945364EF64}.Debug|Any CPU.Build.0 = Debug|Any CPU
		{3BD006D6-93F4-7541-030E-0A945364EF64}.Release|Any CPU.ActiveCfg = Release|Any CPU
		{3BD006D6-93F4-7541-030E-0A945364EF64}.Release|Any CPU.Build.0 = Release|Any CPU
		{A231206C-2C85-4299-EAC5-72990989D9D4}.Debug|Any CPU.ActiveCfg = Debug|Any CPU
		{A231206C-2C85-4299-EAC5-72990989D9D4}.Debug|Any CPU.Build.0 = Debug|Any CPU
		{A231206C-2C85-4299-EAC5-72990989D9D4}.Release|Any CPU.ActiveCfg = Release|Any CPU
		{A231206C-2C85-4299-EAC5-72990989D9D4}.Release|Any CPU.Build.0 = Release|Any CPU
		{C8ECBC8E-3FB7-1704-EF52-FF7B954F2EF0}.Debug|Any CPU.ActiveCfg = Debug|Any CPU
		{C8ECBC8E-3FB7-1704-EF52-FF7B954F2EF0}.Debug|Any CPU.Build.0 = Debug|Any CPU
		{C8ECBC8E-3FB7-1704-EF52-FF7B954F2EF0}.Release|Any CPU.ActiveCfg = Release|Any CPU
		{C8ECBC8E-3FB7-1704-EF52-FF7B954F2EF0}.Release|Any CPU.Build.0 = Release|Any CPU
	EndGlobalSection
	GlobalSection(SolutionProperties) = preSolution
		HideSolutionNode = FALSE
	EndGlobalSection
EndGlobal
