
Microsoft Visual Studio Solution File, Format Version 12.00
# Visual Studio 2015
Project("{FAE04EC0-301F-11D3-BF4B-00C04F79EFBC}") = "Influence Map.CSharp.Plugins", "Influence Map.CSharp.Plugins.csproj", "{1F693FAB-977B-84C2-3CBE-F02E01DFB0D2}"
EndProject
Project("{FAE04EC0-301F-11D3-BF4B-00C04F79EFBC}") = "Influence Map.CSharp", "Influence Map.CSharp.csproj", "{1CBF3C93-D3A1-59EE-E867-F10348A5C6BA}"
EndProject
Project("{FAE04EC0-301F-11D3-BF4B-00C04F79EFBC}") = "Influence Map.CSharp.Editor.Plugins", "Influence Map.CSharp.Editor.Plugins.csproj", "{56CBF040-4391-64C9-CA8D-34E998C01E0A}"
EndProject
Global
	GlobalSection(SolutionConfigurationPlatforms) = preSolution
		Debug|Any CPU = Debug|Any CPU
		Release|Any CPU = Release|Any CPU
	EndGlobalSection
	GlobalSection(ProjectConfigurationPlatforms) = postSolution
		{1F693FAB-977B-84C2-3CBE-F02E01DFB0D2}.Debug|Any CPU.ActiveCfg = Debug|Any CPU
		{1F693FAB-977B-84C2-3CBE-F02E01DFB0D2}.Debug|Any CPU.Build.0 = Debug|Any CPU
		{1F693FAB-977B-84C2-3CBE-F02E01DFB0D2}.Release|Any CPU.ActiveCfg = Release|Any CPU
		{1F693FAB-977B-84C2-3CBE-F02E01DFB0D2}.Release|Any CPU.Build.0 = Release|Any CPU
		{1CBF3C93-D3A1-59EE-E867-F10348A5C6BA}.Debug|Any CPU.ActiveCfg = Debug|Any CPU
		{1CBF3C93-D3A1-59EE-E867-F10348A5C6BA}.Debug|Any CPU.Build.0 = Debug|Any CPU
		{1CBF3C93-D3A1-59EE-E867-F10348A5C6BA}.Release|Any CPU.ActiveCfg = Release|Any CPU
		{1CBF3C93-D3A1-59EE-E867-F10348A5C6BA}.Release|Any CPU.Build.0 = Release|Any CPU
		{56CBF040-4391-64C9-CA8D-34E998C01E0A}.Debug|Any CPU.ActiveCfg = Debug|Any CPU
		{56CBF040-4391-64C9-CA8D-34E998C01E0A}.Debug|Any CPU.Build.0 = Debug|Any CPU
		{56CBF040-4391-64C9-CA8D-34E998C01E0A}.Release|Any CPU.ActiveCfg = Release|Any CPU
		{56CBF040-4391-64C9-CA8D-34E998C01E0A}.Release|Any CPU.Build.0 = Release|Any CPU
	EndGlobalSection
	GlobalSection(SolutionProperties) = preSolution
		HideSolutionNode = FALSE
	EndGlobalSection
EndGlobal
